
Microsoft Visual Studio Solution File, Format Version 12.00
# Visual Studio Version 16
VisualStudioVersion = 16.0.30204.135
MinimumVisualStudioVersion = 10.0.40219.1
Project("{9A19103F-16F7-4668-BE54-9A1E7A4F7556}") = "DotNetEventPipe", "DotNetEventPipe\DotNetEventPipe.csproj", "{751D582D-B25E-4507-A763-6D081422E190}"
EndProject
Project("{FAE04EC0-301F-11D3-BF4B-00C04F79EFBC}") = "ConsoleTestApp", "ConsoleTestApp\ConsoleTestApp.csproj", "{84A3CF07-DC26-4D2E-AACB-AD7C0E169044}"
EndProject
Global
	GlobalSection(SolutionConfigurationPlatforms) = preSolution
		Debug|Any CPU = Debug|Any CPU
		Debug|x64 = Debug|x64
		Release|Any CPU = Release|Any CPU
		Release|x64 = Release|x64
	EndGlobalSection
	GlobalSection(ProjectConfigurationPlatforms) = postSolution
		{751D582D-B25E-4507-A763-6D081422E190}.Debug|Any CPU.ActiveCfg = Debug|Any CPU
		{751D582D-B25E-4507-A763-6D081422E190}.Debug|Any CPU.Build.0 = Debug|Any CPU
		{751D582D-B25E-4507-A763-6D081422E190}.Debug|x64.ActiveCfg = Debug|x64
		{751D582D-B25E-4507-A763-6D081422E190}.Debug|x64.Build.0 = Debug|x64
		{751D582D-B25E-4507-A763-6D081422E190}.Release|Any CPU.ActiveCfg = Release|Any CPU
		{751D582D-B25E-4507-A763-6D081422E190}.Release|Any CPU.Build.0 = Release|Any CPU
		{751D582D-B25E-4507-A763-6D081422E190}.Release|x64.ActiveCfg = Release|x64
		{751D582D-B25E-4507-A763-6D081422E190}.Release|x64.Build.0 = Release|x64
		{84A3CF07-DC26-4D2E-AACB-AD7C0E169044}.Debug|Any CPU.ActiveCfg = Debug|Any CPU
		{84A3CF07-DC26-4D2E-AACB-AD7C0E169044}.Debug|Any CPU.Build.0 = Debug|Any CPU
		{84A3CF07-DC26-4D2E-AACB-AD7C0E169044}.Debug|x64.ActiveCfg = Debug|x64
		{84A3CF07-DC26-4D2E-AACB-AD7C0E169044}.Debug|x64.Build.0 = Debug|x64
		{84A3CF07-DC26-4D2E-AACB-AD7C0E169044}.Release|Any CPU.ActiveCfg = Release|Any CPU
		{84A3CF07-DC26-4D2E-AACB-AD7C0E169044}.Release|Any CPU.Build.0 = Release|Any CPU
		{84A3CF07-DC26-4D2E-AACB-AD7C0E169044}.Release|x64.ActiveCfg = Release|x64
		{84A3CF07-DC26-4D2E-AACB-AD7C0E169044}.Release|x64.Build.0 = Release|x64
	EndGlobalSection
	GlobalSection(SolutionProperties) = preSolution
		HideSolutionNode = FALSE
	EndGlobalSection
	GlobalSection(ExtensibilityGlobals) = postSolution
		SolutionGuid = {32D82CE7-3DA2-44AA-BE20-23C41F9F73C2}
	EndGlobalSection
EndGlobal
